
Microsoft Visual Studio Solution File, Format Version 12.00
# Visual Studio Version 16
VisualStudioVersion = 16.0.33027.164
MinimumVisualStudioVersion = 10.0.40219.1
Project("{9A19103F-16F7-4668-BE54-9A1E7A4F7556}") = "AdvancedUnitTesting.Unit", "AdvancedUnitTesting.Unit\AdvancedUnitTesting.Unit.csproj", "{1D2D7B99-DFC8-4739-ADA4-675164D9446C}"
EndProject
Project("{FAE04EC0-301F-11D3-BF4B-00C04F79EFBC}") = "AdvancedUnitTesting.prog", "AdvancedUnitTesting.prog\AdvancedUnitTesting.prog.csproj", "{D4002BF6-0008-4FCB-82F0-CD0F95D59815}"
EndProject
Global
	GlobalSection(SolutionConfigurationPlatforms) = preSolution
		Debug|Any CPU = Debug|Any CPU
		Release|Any CPU = Release|Any CPU
	EndGlobalSection
	GlobalSection(ProjectConfigurationPlatforms) = postSolution
		{1D2D7B99-DFC8-4739-ADA4-675164D9446C}.Debug|Any CPU.ActiveCfg = Debug|Any CPU
		{1D2D7B99-DFC8-4739-ADA4-675164D9446C}.Debug|Any CPU.Build.0 = Debug|Any CPU
		{1D2D7B99-DFC8-4739-ADA4-675164D9446C}.Release|Any CPU.ActiveCfg = Release|Any CPU
		{1D2D7B99-DFC8-4739-ADA4-675164D9446C}.Release|Any CPU.Build.0 = Release|Any CPU
		{D4002BF6-0008-4FCB-82F0-CD0F95D59815}.Debug|Any CPU.ActiveCfg = Debug|Any CPU
		{D4002BF6-0008-4FCB-82F0-CD0F95D59815}.Debug|Any CPU.Build.0 = Debug|Any CPU
		{D4002BF6-0008-4FCB-82F0-CD0F95D59815}.Release|Any CPU.ActiveCfg = Release|Any CPU
		{D4002BF6-0008-4FCB-82F0-CD0F95D59815}.Release|Any CPU.Build.0 = Release|Any CPU
	EndGlobalSection
	GlobalSection(SolutionProperties) = preSolution
		HideSolutionNode = FALSE
	EndGlobalSection
	GlobalSection(ExtensibilityGlobals) = postSolution
		SolutionGuid = {6FC70571-00F6-4F32-9AFD-AB6280BAE203}
	EndGlobalSection
EndGlobal
